
Microsoft Visual Studio Solution File, Format Version 12.00
# Visual Studio Version 17
VisualStudioVersion = 17.13.35806.99
MinimumVisualStudioVersion = 10.0.40219.1
Project("{FAE04EC0-301F-11D3-BF4B-00C04F79EFBC}") = "VideoToSpeechPOC", "ui\VideoToSpeechPOC.csproj", "{D4A389F0-B9F8-20AE-6A0E-1F8CB0DD9A06}"
EndProject
Project("{FAE04EC0-301F-11D3-BF4B-00C04F79EFBC}") = "VideoIndexerClient", "VideoIndexerClient\VideoIndexerClient.csproj", "{ED5AA265-E82C-8332-43AF-954B34313362}"
EndProject
Project("{2150E333-8FDC-42A3-9474-1A3956D46DE8}") = "Solution Items", "Solution Items", "{8EC462FD-D22E-90A8-E5CE-7E832BA40C5D}"
	ProjectSection(SolutionItems) = preProject
		README.md = README.md
	EndProjectSection
EndProject
Global
	GlobalSection(SolutionConfigurationPlatforms) = preSolution
		Debug|Any CPU = Debug|Any CPU
		Release|Any CPU = Release|Any CPU
	EndGlobalSection
	GlobalSection(ProjectConfigurationPlatforms) = postSolution
		{D4A389F0-B9F8-20AE-6A0E-1F8CB0DD9A06}.Debug|Any CPU.ActiveCfg = Debug|Any CPU
		{D4A389F0-B9F8-20AE-6A0E-1F8CB0DD9A06}.Debug|Any CPU.Build.0 = Debug|Any CPU
		{D4A389F0-B9F8-20AE-6A0E-1F8CB0DD9A06}.Release|Any CPU.ActiveCfg = Release|Any CPU
		{D4A389F0-B9F8-20AE-6A0E-1F8CB0DD9A06}.Release|Any CPU.Build.0 = Release|Any CPU
		{ED5AA265-E82C-8332-43AF-954B34313362}.Debug|Any CPU.ActiveCfg = Debug|Any CPU
		{ED5AA265-E82C-8332-43AF-954B34313362}.Debug|Any CPU.Build.0 = Debug|Any CPU
		{ED5AA265-E82C-8332-43AF-954B34313362}.Release|Any CPU.ActiveCfg = Release|Any CPU
		{ED5AA265-E82C-8332-43AF-954B34313362}.Release|Any CPU.Build.0 = Release|Any CPU
	EndGlobalSection
	GlobalSection(SolutionProperties) = preSolution
		HideSolutionNode = FALSE
	EndGlobalSection
	GlobalSection(ExtensibilityGlobals) = postSolution
		SolutionGuid = {C6290E90-F7E1-435C-8539-590C1D44A324}
	EndGlobalSection
EndGlobal
